
Microsoft Visual Studio Solution File, Format Version 12.00
# Visual Studio Version 16
VisualStudioVersion = 16.0.31205.134
MinimumVisualStudioVersion = 10.0.40219.1
Project("{FAE04EC0-301F-11D3-BF4B-00C04F79EFBC}") = "Project", "Project\Project.csproj", "{E06F43C2-A7A2-45D0-A915-E074E2FC56A2}"
EndProject
Global
	GlobalSection(SolutionConfigurationPlatforms) = preSolution
		Debug|Any CPU = Debug|Any CPU
		Release|Any CPU = Release|Any CPU
	EndGlobalSection
	GlobalSection(ProjectConfigurationPlatforms) = postSolution
		{E06F43C2-A7A2-45D0-A915-E074E2FC56A2}.Debug|Any CPU.ActiveCfg = Debug|Any CPU
		{E06F43C2-A7A2-45D0-A915-E074E2FC56A2}.Debug|Any CPU.Build.0 = Debug|Any CPU
		{E06F43C2-A7A2-45D0-A915-E074E2FC56A2}.Release|Any CPU.ActiveCfg = Release|Any CPU
		{E06F43C2-A7A2-45D0-A915-E074E2FC56A2}.Release|Any CPU.Build.0 = Release|Any CPU
	EndGlobalSection
	GlobalSection(SolutionProperties) = preSolution
		HideSolutionNode = FALSE
	EndGlobalSection
	GlobalSection(ExtensibilityGlobals) = postSolution
		SolutionGuid = {D704FAE2-4414-408B-8FD5-4639A18B6932}
	EndGlobalSection
EndGlobal
